<?xml version="1.0" encoding="utf-8"?>
<Project ToolsVersion="4.0" xmlns="http://schemas.microsoft.com/developer/msbuild/2003">
  <ItemGroup>
    <Filter Include="Source Files">
      <UniqueIdentifier>{4FC737F1-C7A5-4376-A066-2A32D752A2FF}</UniqueIdentifier>
      <Extensions>cpp;c;cc;cxx;def;odl;idl;hpj;bat;asm;asmx</Extensions>
    </Filter>
    <Filter Include="Header Files">
      <UniqueIdentifier>{93995380-89BD-4b04-88EB-625FBE52EBFB}</UniqueIdentifier>
      <Extensions>h;hpp;hxx;hm;inl;inc;xsd</Extensions>
    </Filter>
    <Filter Include="OpenCL Files">
      <UniqueIdentifier>{D011BB44-1BF7-4113-997B-A081035B40D8}</UniqueIdentifier>
      <Extensions>cl</Extensions>
    </Filter>
  </ItemGroup>
  <ItemGroup>
    <Intel_OpenCL_Build_Rules Include="ocldwt53.cl">
      <Filter>OpenCL Files</Filter>
    </Intel_OpenCL_Build_Rules>
    <Intel_OpenCL_Build_Rules Include="ocl_platform.cl">
      <Filter>OpenCL Files</Filter>
    </Intel_OpenCL_Build_Rules>
    <Intel_OpenCL_Build_Rules Include="ocldwt97.cl">
      <Filter>OpenCL Files</Filter>
    </Intel_OpenCL_Build_Rules>
    <Intel_OpenCL_Build_Rules Include="ocldwt53rev.cl">
      <Filter>OpenCL Files</Filter>
    </Intel_OpenCL_Build_Rules>
    <Intel_OpenCL_Build_Rules Include="ocldwt97rev.cl">
      <Filter>OpenCL Files</Filter>
    </Intel_OpenCL_Build_Rules>
  </ItemGroup>
  <ItemGroup>
    <ClInclude Include="ocl_platform.h">
      <Filter>Header Files</Filter>
    </ClInclude>
    <ClInclude Include="OCLKernel.h">
      <Filter>Header Files</Filter>
    </ClInclude>
    <ClInclude Include="OCLMemoryManager.h">
      <Filter>Header Files</Filter>
    </ClInclude>
    <ClInclude Include="OCLQueue.h">
      <Filter>Header Files</Filter>
    </ClInclude>
    <ClInclude Include="OCLUtil.h">
      <Filter>Header Files</Filter>
    </ClInclude>
    <ClInclude Include="OCLBasic.h">
      <Filter>Header Files</Filter>
    </ClInclude>
    <ClInclude Include="OCLDeviceManager.h">
      <Filter>Header Files</Filter>
    </ClInclude>
    <ClInclude Include="OCLTest.h">
      <Filter>Header Files</Filter>
    </ClInclude>
    <ClInclude Include="OCLEncoder.h">
      <Filter>Header Files</Filter>
    </ClInclude>
    <ClInclude Include="OCLDecoder.h">
      <Filter>Header Files</Filter>
    </ClInclude>
    <ClInclude Include="OCLDWTRev.h">
      <Filter>Header Files</Filter>
    </ClInclude>
    <ClInclude Include="OCLDWTForward.h">
      <Filter>Header Files</Filter>
    </ClInclude>
    <ClInclude Include="OCLDWT.h">
      <Filter>Header Files</Filter>
    </ClInclude>
    <ClInclude Include="concurrent_queue.h">
      <Filter>Header Files</Filter>
    </ClInclude>
    <ClInclude Include="OCLDataTransferManager.h">
      <Filter>Header Files</Filter>
    </ClInclude>
    <ClInclude Include="OCLEncodeDecode.h">
      <Filter>Header Files</Filter>
    </ClInclude>
  </ItemGroup>
  <ItemGroup>
    <ClCompile Include="OCLKernel.cpp">
      <Filter>Source Files</Filter>
    </ClCompile>
    <ClCompile Include="OCLMemoryManager.cpp">
      <Filter>Source Files</Filter>
    </ClCompile>
    <ClCompile Include="OCLQueue.cpp">
      <Filter>Source Files</Filter>
    </ClCompile>
    <ClCompile Include="OCLUtil.cpp">
      <Filter>Source Files</Filter>
    </ClCompile>
    <ClCompile Include="OCLBasic.cpp">
      <Filter>Source Files</Filter>
    </ClCompile>
    <ClCompile Include="OCLDeviceManager.cpp">
      <Filter>Source Files</Filter>
    </ClCompile>
    <ClCompile Include="main.cpp">
      <Filter>Source Files</Filter>
    </ClCompile>
    <ClCompile Include="OCLTest.cpp">
      <Filter>Source Files</Filter>
    </ClCompile>
    <ClCompile Include="OCLEncoder.cpp">
      <Filter>Source Files</Filter>
    </ClCompile>
    <ClCompile Include="OCLDecoder.cpp">
      <Filter>Source Files</Filter>
    </ClCompile>
    <ClCompile Include="OCLDWTRev.cpp">
      <Filter>Source Files</Filter>
    </ClCompile>
    <ClCompile Include="OCLDWTForward.cpp">
      <Filter>Source Files</Filter>
    </ClCompile>
    <ClCompile Include="OCLDWT.cpp">
      <Filter>Source Files</Filter>
    </ClCompile>
    <ClCompile Include="OCLDataTransferManager.cpp">
      <Filter>Source Files</Filter>
    </ClCompile>
    <ClCompile Include="OCLEncodeDecode.cpp">
      <Filter>Source Files</Filter>
    </ClCompile>
  </ItemGroup>
</Project>